
Microsoft Visual Studio Solution File, Format Version 12.00
# Visual Studio 2017
Project("{FAE04EC0-301F-11D3-BF4B-00C04F79EFBC}") = "CityInfo.API", "CityInfo.API.csproj", "{9BEE091F-B92A-457C-8247-172C83E8C83B}"
EndProject
Global
	GlobalSection(SolutionConfigurationPlatforms) = preSolution
		Debug|Any CPU = Debug|Any CPU
		Release|Any CPU = Release|Any CPU
	EndGlobalSection
	GlobalSection(ProjectConfigurationPlatforms) = postSolution
		{9BEE091F-B92A-457C-8247-172C83E8C83B}.Debug|Any CPU.ActiveCfg = Debug|Any CPU
		{9BEE091F-B92A-457C-8247-172C83E8C83B}.Debug|Any CPU.Build.0 = Debug|Any CPU
		{9BEE091F-B92A-457C-8247-172C83E8C83B}.Release|Any CPU.ActiveCfg = Release|Any CPU
		{9BEE091F-B92A-457C-8247-172C83E8C83B}.Release|Any CPU.Build.0 = Release|Any CPU
	EndGlobalSection
EndGlobal
